
Microsoft Visual Studio Solution File, Format Version 12.00
# Visual Studio Version 17
VisualStudioVersion = 17.0.32112.339
MinimumVisualStudioVersion = 10.0.40219.1
Project("{9A19103F-16F7-4668-BE54-9A1E7A4F7556}") = "ServiceManagerLibrary", "ServiceManagerLibrary\ServiceManagerLibrary.csproj", "{B0786219-E0F9-4178-9023-19AF360911D6}"
EndProject
Project("{FAE04EC0-301F-11D3-BF4B-00C04F79EFBC}") = "ManagerUI", "ManagerUI\ManagerUI.csproj", "{BA70BF0B-9FA0-4220-88C1-BB2BB15D42FF}"
EndProject
Global
	GlobalSection(SolutionConfigurationPlatforms) = preSolution
		Debug|Any CPU = Debug|Any CPU
		Release|Any CPU = Release|Any CPU
	EndGlobalSection
	GlobalSection(ProjectConfigurationPlatforms) = postSolution
		{B0786219-E0F9-4178-9023-19AF360911D6}.Debug|Any CPU.ActiveCfg = Debug|Any CPU
		{B0786219-E0F9-4178-9023-19AF360911D6}.Debug|Any CPU.Build.0 = Debug|Any CPU
		{B0786219-E0F9-4178-9023-19AF360911D6}.Release|Any CPU.ActiveCfg = Release|Any CPU
		{B0786219-E0F9-4178-9023-19AF360911D6}.Release|Any CPU.Build.0 = Release|Any CPU
		{BA70BF0B-9FA0-4220-88C1-BB2BB15D42FF}.Debug|Any CPU.ActiveCfg = Debug|Any CPU
		{BA70BF0B-9FA0-4220-88C1-BB2BB15D42FF}.Debug|Any CPU.Build.0 = Debug|Any CPU
		{BA70BF0B-9FA0-4220-88C1-BB2BB15D42FF}.Release|Any CPU.ActiveCfg = Release|Any CPU
		{BA70BF0B-9FA0-4220-88C1-BB2BB15D42FF}.Release|Any CPU.Build.0 = Release|Any CPU
	EndGlobalSection
	GlobalSection(SolutionProperties) = preSolution
		HideSolutionNode = FALSE
	EndGlobalSection
	GlobalSection(ExtensibilityGlobals) = postSolution
		SolutionGuid = {23B0AE13-058D-4C00-8379-D84EC539AC1C}
	EndGlobalSection
EndGlobal
